
Microsoft Visual Studio Solution File, Format Version 12.00
# Visual Studio Version 16
VisualStudioVersion = 16.0.29111.141
MinimumVisualStudioVersion = 10.0.40219.1
Project("{9A19103F-16F7-4668-BE54-9A1E7A4F7556}") = "Catel.Analyzers", "Catel.Analyzers\Catel.Analyzers.csproj", "{3B47FC74-57AD-4F8B-B9C6-7F31FF39687B}"
EndProject
Project("{9A19103F-16F7-4668-BE54-9A1E7A4F7556}") = "Catel.Analyzers.Tests", "Catel.Analyzers.Tests\Catel.Analyzers.Tests.csproj", "{6098D375-3739-440F-8BD5-B4054EAB26A9}"
EndProject
Project("{2150E333-8FDC-42A3-9474-1A3956D46DE8}") = "misc", "misc", "{592C7EBF-517B-4C06-8F30-99ADE0C043A0}"
	ProjectSection(SolutionItems) = preProject
		GlobalSuppressions.cs = GlobalSuppressions.cs
		MethodTimeLogger.cs = MethodTimeLogger.cs
		SolutionAssemblyInfo.cs = SolutionAssemblyInfo.cs
	EndProjectSection
EndProject
Project("{2150E333-8FDC-42A3-9474-1A3956D46DE8}") = "src", "src", "{502CCD3E-26E7-4064-B5FE-9852107BE471}"
EndProject
Global
	GlobalSection(SolutionConfigurationPlatforms) = preSolution
		Debug|Any CPU = Debug|Any CPU
		Release|Any CPU = Release|Any CPU
	EndGlobalSection
	GlobalSection(ProjectConfigurationPlatforms) = postSolution
		{3B47FC74-57AD-4F8B-B9C6-7F31FF39687B}.Debug|Any CPU.ActiveCfg = Debug|Any CPU
		{3B47FC74-57AD-4F8B-B9C6-7F31FF39687B}.Debug|Any CPU.Build.0 = Debug|Any CPU
		{3B47FC74-57AD-4F8B-B9C6-7F31FF39687B}.Release|Any CPU.ActiveCfg = Release|Any CPU
		{3B47FC74-57AD-4F8B-B9C6-7F31FF39687B}.Release|Any CPU.Build.0 = Release|Any CPU
		{6098D375-3739-440F-8BD5-B4054EAB26A9}.Debug|Any CPU.ActiveCfg = Debug|Any CPU
		{6098D375-3739-440F-8BD5-B4054EAB26A9}.Debug|Any CPU.Build.0 = Debug|Any CPU
		{6098D375-3739-440F-8BD5-B4054EAB26A9}.Release|Any CPU.ActiveCfg = Release|Any CPU
		{6098D375-3739-440F-8BD5-B4054EAB26A9}.Release|Any CPU.Build.0 = Release|Any CPU
	EndGlobalSection
	GlobalSection(SolutionProperties) = preSolution
		HideSolutionNode = FALSE
	EndGlobalSection
	GlobalSection(NestedProjects) = preSolution
		{3B47FC74-57AD-4F8B-B9C6-7F31FF39687B} = {502CCD3E-26E7-4064-B5FE-9852107BE471}
		{6098D375-3739-440F-8BD5-B4054EAB26A9} = {502CCD3E-26E7-4064-B5FE-9852107BE471}
	EndGlobalSection
	GlobalSection(ExtensibilityGlobals) = postSolution
		SolutionGuid = {7F34A0B3-7D54-4B37-8ACF-B023EBCECC68}
	EndGlobalSection
EndGlobal
